
Microsoft Visual Studio Solution File, Format Version 12.00
# Visual Studio Version 16
VisualStudioVersion = 16.0.30114.105
MinimumVisualStudioVersion = 10.0.40219.1
Project("{FAE04EC0-301F-11D3-BF4B-00C04F79EFBC}") = "R5T.F0022.Construction", "R5T.F0022.Construction\R5T.F0022.Construction.csproj", "{1B5097AE-545C-43B3-AEA0-C011096A5277}"
EndProject
Project("{FAE04EC0-301F-11D3-BF4B-00C04F79EFBC}") = "R5T.F0022", "R5T.F0022\R5T.F0022.csproj", "{808AE527-0886-4F70-A29B-7868A91635E6}"
EndProject
Global
	GlobalSection(SolutionConfigurationPlatforms) = preSolution
		Debug|Any CPU = Debug|Any CPU
		Debug|x64 = Debug|x64
		Debug|x86 = Debug|x86
		Release|Any CPU = Release|Any CPU
		Release|x64 = Release|x64
		Release|x86 = Release|x86
	EndGlobalSection
	GlobalSection(SolutionProperties) = preSolution
		HideSolutionNode = FALSE
	EndGlobalSection
	GlobalSection(ProjectConfigurationPlatforms) = postSolution
		{1B5097AE-545C-43B3-AEA0-C011096A5277}.Debug|Any CPU.ActiveCfg = Debug|Any CPU
		{1B5097AE-545C-43B3-AEA0-C011096A5277}.Debug|Any CPU.Build.0 = Debug|Any CPU
		{1B5097AE-545C-43B3-AEA0-C011096A5277}.Debug|x64.ActiveCfg = Debug|Any CPU
		{1B5097AE-545C-43B3-AEA0-C011096A5277}.Debug|x64.Build.0 = Debug|Any CPU
		{1B5097AE-545C-43B3-AEA0-C011096A5277}.Debug|x86.ActiveCfg = Debug|Any CPU
		{1B5097AE-545C-43B3-AEA0-C011096A5277}.Debug|x86.Build.0 = Debug|Any CPU
		{1B5097AE-545C-43B3-AEA0-C011096A5277}.Release|Any CPU.ActiveCfg = Release|Any CPU
		{1B5097AE-545C-43B3-AEA0-C011096A5277}.Release|Any CPU.Build.0 = Release|Any CPU
		{1B5097AE-545C-43B3-AEA0-C011096A5277}.Release|x64.ActiveCfg = Release|Any CPU
		{1B5097AE-545C-43B3-AEA0-C011096A5277}.Release|x64.Build.0 = Release|Any CPU
		{1B5097AE-545C-43B3-AEA0-C011096A5277}.Release|x86.ActiveCfg = Release|Any CPU
		{1B5097AE-545C-43B3-AEA0-C011096A5277}.Release|x86.Build.0 = Release|Any CPU
		{808AE527-0886-4F70-A29B-7868A91635E6}.Debug|Any CPU.ActiveCfg = Debug|Any CPU
		{808AE527-0886-4F70-A29B-7868A91635E6}.Debug|Any CPU.Build.0 = Debug|Any CPU
		{808AE527-0886-4F70-A29B-7868A91635E6}.Debug|x64.ActiveCfg = Debug|Any CPU
		{808AE527-0886-4F70-A29B-7868A91635E6}.Debug|x64.Build.0 = Debug|Any CPU
		{808AE527-0886-4F70-A29B-7868A91635E6}.Debug|x86.ActiveCfg = Debug|Any CPU
		{808AE527-0886-4F70-A29B-7868A91635E6}.Debug|x86.Build.0 = Debug|Any CPU
		{808AE527-0886-4F70-A29B-7868A91635E6}.Release|Any CPU.ActiveCfg = Release|Any CPU
		{808AE527-0886-4F70-A29B-7868A91635E6}.Release|Any CPU.Build.0 = Release|Any CPU
		{808AE527-0886-4F70-A29B-7868A91635E6}.Release|x64.ActiveCfg = Release|Any CPU
		{808AE527-0886-4F70-A29B-7868A91635E6}.Release|x64.Build.0 = Release|Any CPU
		{808AE527-0886-4F70-A29B-7868A91635E6}.Release|x86.ActiveCfg = Release|Any CPU
		{808AE527-0886-4F70-A29B-7868A91635E6}.Release|x86.Build.0 = Release|Any CPU
	EndGlobalSection
EndGlobal
