
Microsoft Visual Studio Solution File, Format Version 12.00
# Visual Studio Version 17
VisualStudioVersion = 17.2.32630.192
MinimumVisualStudioVersion = 10.0.40219.1
Project("{FAE04EC0-301F-11D3-BF4B-00C04F79EFBC}") = "R5T.F0022.Construction", "R5T.F0022.Construction\R5T.F0022.Construction.csproj", "{1B5097AE-545C-43B3-AEA0-C011096A5277}"
EndProject
Project("{FAE04EC0-301F-11D3-BF4B-00C04F79EFBC}") = "R5T.F0022", "R5T.F0022\R5T.F0022.csproj", "{808AE527-0886-4F70-A29B-7868A91635E6}"
EndProject
Project("{2150E333-8FDC-42A3-9474-1A3956D46DE8}") = "_Dependencies", "_Dependencies", "{A9759F70-8492-43F9-8EB2-15CD3E8B58C2}"
EndProject
Project("{9A19103F-16F7-4668-BE54-9A1E7A4F7556}") = "R5T.F0003", "..\..\R5T.F0003\source\R5T.F0003\R5T.F0003.csproj", "{DCD8D452-9A03-4938-AB67-97FB2E2F08DC}"
EndProject
Project("{9A19103F-16F7-4668-BE54-9A1E7A4F7556}") = "R5T.L0011", "..\..\R5T.L0011\source\R5T.L0011\R5T.L0011.csproj", "{A3E1BCAD-2297-4AF5-8C09-039528E429B0}"
EndProject
Project("{9A19103F-16F7-4668-BE54-9A1E7A4F7556}") = "R5T.Magyar", "..\..\R5T.Magyar\source\R5T.Magyar\R5T.Magyar.csproj", "{C1621427-38DF-4985-B158-141C6D4C5477}"
EndProject
Project("{9A19103F-16F7-4668-BE54-9A1E7A4F7556}") = "R5T.T0132", "..\..\R5T.T0132\source\R5T.T0132\R5T.T0132.csproj", "{F899986B-1E6C-4AC9-9E9A-702E450732A7}"
EndProject
Project("{9A19103F-16F7-4668-BE54-9A1E7A4F7556}") = "R5T.T0143", "..\..\R5T.T0143\source\R5T.T0143\R5T.T0143.csproj", "{55F782C8-B653-461B-8EDA-DBA1B73E4D2F}"
EndProject
Global
	GlobalSection(NestedProjects) = preSolution
		{DCD8D452-9A03-4938-AB67-97FB2E2F08DC} = {A9759F70-8492-43F9-8EB2-15CD3E8B58C2}
		{A3E1BCAD-2297-4AF5-8C09-039528E429B0} = {A9759F70-8492-43F9-8EB2-15CD3E8B58C2}
		{C1621427-38DF-4985-B158-141C6D4C5477} = {A9759F70-8492-43F9-8EB2-15CD3E8B58C2}
		{F899986B-1E6C-4AC9-9E9A-702E450732A7} = {A9759F70-8492-43F9-8EB2-15CD3E8B58C2}
		{55F782C8-B653-461B-8EDA-DBA1B73E4D2F} = {A9759F70-8492-43F9-8EB2-15CD3E8B58C2}
	EndGlobalSection
	GlobalSection(SolutionConfigurationPlatforms) = preSolution
		Debug|Any CPU = Debug|Any CPU
		Debug|x64 = Debug|x64
		Debug|x86 = Debug|x86
		Release|Any CPU = Release|Any CPU
		Release|x64 = Release|x64
		Release|x86 = Release|x86
	EndGlobalSection
	GlobalSection(ProjectConfigurationPlatforms) = postSolution
		{1B5097AE-545C-43B3-AEA0-C011096A5277}.Debug|Any CPU.ActiveCfg = Debug|Any CPU
		{1B5097AE-545C-43B3-AEA0-C011096A5277}.Debug|Any CPU.Build.0 = Debug|Any CPU
		{1B5097AE-545C-43B3-AEA0-C011096A5277}.Debug|x64.ActiveCfg = Debug|Any CPU
		{1B5097AE-545C-43B3-AEA0-C011096A5277}.Debug|x64.Build.0 = Debug|Any CPU
		{1B5097AE-545C-43B3-AEA0-C011096A5277}.Debug|x86.ActiveCfg = Debug|Any CPU
		{1B5097AE-545C-43B3-AEA0-C011096A5277}.Debug|x86.Build.0 = Debug|Any CPU
		{1B5097AE-545C-43B3-AEA0-C011096A5277}.Release|Any CPU.ActiveCfg = Release|Any CPU
		{1B5097AE-545C-43B3-AEA0-C011096A5277}.Release|Any CPU.Build.0 = Release|Any CPU
		{1B5097AE-545C-43B3-AEA0-C011096A5277}.Release|x64.ActiveCfg = Release|Any CPU
		{1B5097AE-545C-43B3-AEA0-C011096A5277}.Release|x64.Build.0 = Release|Any CPU
		{1B5097AE-545C-43B3-AEA0-C011096A5277}.Release|x86.ActiveCfg = Release|Any CPU
		{1B5097AE-545C-43B3-AEA0-C011096A5277}.Release|x86.Build.0 = Release|Any CPU
		{808AE527-0886-4F70-A29B-7868A91635E6}.Debug|Any CPU.ActiveCfg = Debug|Any CPU
		{808AE527-0886-4F70-A29B-7868A91635E6}.Debug|Any CPU.Build.0 = Debug|Any CPU
		{808AE527-0886-4F70-A29B-7868A91635E6}.Debug|x64.ActiveCfg = Debug|Any CPU
		{808AE527-0886-4F70-A29B-7868A91635E6}.Debug|x64.Build.0 = Debug|Any CPU
		{808AE527-0886-4F70-A29B-7868A91635E6}.Debug|x86.ActiveCfg = Debug|Any CPU
		{808AE527-0886-4F70-A29B-7868A91635E6}.Debug|x86.Build.0 = Debug|Any CPU
		{808AE527-0886-4F70-A29B-7868A91635E6}.Release|Any CPU.ActiveCfg = Release|Any CPU
		{808AE527-0886-4F70-A29B-7868A91635E6}.Release|Any CPU.Build.0 = Release|Any CPU
		{808AE527-0886-4F70-A29B-7868A91635E6}.Release|x64.ActiveCfg = Release|Any CPU
		{808AE527-0886-4F70-A29B-7868A91635E6}.Release|x64.Build.0 = Release|Any CPU
		{808AE527-0886-4F70-A29B-7868A91635E6}.Release|x86.ActiveCfg = Release|Any CPU
		{808AE527-0886-4F70-A29B-7868A91635E6}.Release|x86.Build.0 = Release|Any CPU
		{DCD8D452-9A03-4938-AB67-97FB2E2F08DC}.Debug|Any CPU.ActiveCfg = Debug|Any CPU
		{DCD8D452-9A03-4938-AB67-97FB2E2F08DC}.Debug|Any CPU.Build.0 = Debug|Any CPU
		{DCD8D452-9A03-4938-AB67-97FB2E2F08DC}.Debug|x64.ActiveCfg = Debug|Any CPU
		{DCD8D452-9A03-4938-AB67-97FB2E2F08DC}.Debug|x64.Build.0 = Debug|Any CPU
		{DCD8D452-9A03-4938-AB67-97FB2E2F08DC}.Debug|x86.ActiveCfg = Debug|Any CPU
		{DCD8D452-9A03-4938-AB67-97FB2E2F08DC}.Debug|x86.Build.0 = Debug|Any CPU
		{DCD8D452-9A03-4938-AB67-97FB2E2F08DC}.Release|Any CPU.ActiveCfg = Release|Any CPU
		{DCD8D452-9A03-4938-AB67-97FB2E2F08DC}.Release|Any CPU.Build.0 = Release|Any CPU
		{DCD8D452-9A03-4938-AB67-97FB2E2F08DC}.Release|x64.ActiveCfg = Release|Any CPU
		{DCD8D452-9A03-4938-AB67-97FB2E2F08DC}.Release|x64.Build.0 = Release|Any CPU
		{DCD8D452-9A03-4938-AB67-97FB2E2F08DC}.Release|x86.ActiveCfg = Release|Any CPU
		{DCD8D452-9A03-4938-AB67-97FB2E2F08DC}.Release|x86.Build.0 = Release|Any CPU
		{A3E1BCAD-2297-4AF5-8C09-039528E429B0}.Debug|Any CPU.ActiveCfg = Debug|Any CPU
		{A3E1BCAD-2297-4AF5-8C09-039528E429B0}.Debug|Any CPU.Build.0 = Debug|Any CPU
		{A3E1BCAD-2297-4AF5-8C09-039528E429B0}.Debug|x64.ActiveCfg = Debug|Any CPU
		{A3E1BCAD-2297-4AF5-8C09-039528E429B0}.Debug|x64.Build.0 = Debug|Any CPU
		{A3E1BCAD-2297-4AF5-8C09-039528E429B0}.Debug|x86.ActiveCfg = Debug|Any CPU
		{A3E1BCAD-2297-4AF5-8C09-039528E429B0}.Debug|x86.Build.0 = Debug|Any CPU
		{A3E1BCAD-2297-4AF5-8C09-039528E429B0}.Release|Any CPU.ActiveCfg = Release|Any CPU
		{A3E1BCAD-2297-4AF5-8C09-039528E429B0}.Release|Any CPU.Build.0 = Release|Any CPU
		{A3E1BCAD-2297-4AF5-8C09-039528E429B0}.Release|x64.ActiveCfg = Release|Any CPU
		{A3E1BCAD-2297-4AF5-8C09-039528E429B0}.Release|x64.Build.0 = Release|Any CPU
		{A3E1BCAD-2297-4AF5-8C09-039528E429B0}.Release|x86.ActiveCfg = Release|Any CPU
		{A3E1BCAD-2297-4AF5-8C09-039528E429B0}.Release|x86.Build.0 = Release|Any CPU
		{C1621427-38DF-4985-B158-141C6D4C5477}.Debug|Any CPU.ActiveCfg = Debug|Any CPU
		{C1621427-38DF-4985-B158-141C6D4C5477}.Debug|Any CPU.Build.0 = Debug|Any CPU
		{C1621427-38DF-4985-B158-141C6D4C5477}.Debug|x64.ActiveCfg = Debug|Any CPU
		{C1621427-38DF-4985-B158-141C6D4C5477}.Debug|x64.Build.0 = Debug|Any CPU
		{C1621427-38DF-4985-B158-141C6D4C5477}.Debug|x86.ActiveCfg = Debug|Any CPU
		{C1621427-38DF-4985-B158-141C6D4C5477}.Debug|x86.Build.0 = Debug|Any CPU
		{C1621427-38DF-4985-B158-141C6D4C5477}.Release|Any CPU.ActiveCfg = Release|Any CPU
		{C1621427-38DF-4985-B158-141C6D4C5477}.Release|Any CPU.Build.0 = Release|Any CPU
		{C1621427-38DF-4985-B158-141C6D4C5477}.Release|x64.ActiveCfg = Release|Any CPU
		{C1621427-38DF-4985-B158-141C6D4C5477}.Release|x64.Build.0 = Release|Any CPU
		{C1621427-38DF-4985-B158-141C6D4C5477}.Release|x86.ActiveCfg = Release|Any CPU
		{C1621427-38DF-4985-B158-141C6D4C5477}.Release|x86.Build.0 = Release|Any CPU
		{F899986B-1E6C-4AC9-9E9A-702E450732A7}.Debug|Any CPU.ActiveCfg = Debug|Any CPU
		{F899986B-1E6C-4AC9-9E9A-702E450732A7}.Debug|Any CPU.Build.0 = Debug|Any CPU
		{F899986B-1E6C-4AC9-9E9A-702E450732A7}.Debug|x64.ActiveCfg = Debug|Any CPU
		{F899986B-1E6C-4AC9-9E9A-702E450732A7}.Debug|x64.Build.0 = Debug|Any CPU
		{F899986B-1E6C-4AC9-9E9A-702E450732A7}.Debug|x86.ActiveCfg = Debug|Any CPU
		{F899986B-1E6C-4AC9-9E9A-702E450732A7}.Debug|x86.Build.0 = Debug|Any CPU
		{F899986B-1E6C-4AC9-9E9A-702E450732A7}.Release|Any CPU.ActiveCfg = Release|Any CPU
		{F899986B-1E6C-4AC9-9E9A-702E450732A7}.Release|Any CPU.Build.0 = Release|Any CPU
		{F899986B-1E6C-4AC9-9E9A-702E450732A7}.Release|x64.ActiveCfg = Release|Any CPU
		{F899986B-1E6C-4AC9-9E9A-702E450732A7}.Release|x64.Build.0 = Release|Any CPU
		{F899986B-1E6C-4AC9-9E9A-702E450732A7}.Release|x86.ActiveCfg = Release|Any CPU
		{F899986B-1E6C-4AC9-9E9A-702E450732A7}.Release|x86.Build.0 = Release|Any CPU
		{55F782C8-B653-461B-8EDA-DBA1B73E4D2F}.Debug|Any CPU.ActiveCfg = Debug|Any CPU
		{55F782C8-B653-461B-8EDA-DBA1B73E4D2F}.Debug|Any CPU.Build.0 = Debug|Any CPU
		{55F782C8-B653-461B-8EDA-DBA1B73E4D2F}.Debug|x64.ActiveCfg = Debug|Any CPU
		{55F782C8-B653-461B-8EDA-DBA1B73E4D2F}.Debug|x64.Build.0 = Debug|Any CPU
		{55F782C8-B653-461B-8EDA-DBA1B73E4D2F}.Debug|x86.ActiveCfg = Debug|Any CPU
		{55F782C8-B653-461B-8EDA-DBA1B73E4D2F}.Debug|x86.Build.0 = Debug|Any CPU
		{55F782C8-B653-461B-8EDA-DBA1B73E4D2F}.Release|Any CPU.ActiveCfg = Release|Any CPU
		{55F782C8-B653-461B-8EDA-DBA1B73E4D2F}.Release|Any CPU.Build.0 = Release|Any CPU
		{55F782C8-B653-461B-8EDA-DBA1B73E4D2F}.Release|x64.ActiveCfg = Release|Any CPU
		{55F782C8-B653-461B-8EDA-DBA1B73E4D2F}.Release|x64.Build.0 = Release|Any CPU
		{55F782C8-B653-461B-8EDA-DBA1B73E4D2F}.Release|x86.ActiveCfg = Release|Any CPU
		{55F782C8-B653-461B-8EDA-DBA1B73E4D2F}.Release|x86.Build.0 = Release|Any CPU
	EndGlobalSection
	GlobalSection(SolutionProperties) = preSolution
		HideSolutionNode = FALSE
	EndGlobalSection
EndGlobal
